
Microsoft Visual Studio Solution File, Format Version 12.00
# Visual Studio Version 17
VisualStudioVersion = 17.3.32819.101
MinimumVisualStudioVersion = 10.0.40219.1
Project("{9A19103F-16F7-4668-BE54-9A1E7A4F7556}") = "MailingWebApp", "MailingWebApp\MailingWebApp.csproj", "{A79A3B65-8EBA-4529-826C-B460CFB05B52}"
EndProject
Project("{9A19103F-16F7-4668-BE54-9A1E7A4F7556}") = "Mailing", "Mailing\Mailing.csproj", "{3E7FE5E2-F8E9-49AB-967D-26464DF3F263}"
EndProject
Project("{9A19103F-16F7-4668-BE54-9A1E7A4F7556}") = "DataLayer", "DataLayer\DataLayer.csproj", "{16301022-ED7B-48C8-9A5A-F5ABD8F526CB}"
EndProject
Project("{9A19103F-16F7-4668-BE54-9A1E7A4F7556}") = "PluginManager", "PluginManager\PluginManager.csproj", "{C27898D5-821B-40CB-A302-EFB7CDA2E0CC}"
EndProject
Project("{2150E333-8FDC-42A3-9474-1A3956D46DE8}") = "Plugins", "Plugins", "{0E1FE74B-C423-4D93-9C2A-392B9B2A1027}"
EndProject
Project("{9A19103F-16F7-4668-BE54-9A1E7A4F7556}") = "OpenReceivingMeterReadingsPeriodModelProvider", "OpenReceivingMeterReadingsPeriodModelProvider\OpenReceivingMeterReadingsPeriodModelProvider.csproj", "{6A3FFEF6-ABBD-4687-AED1-39E73A48E310}"
EndProject
Project("{2150E333-8FDC-42A3-9474-1A3956D46DE8}") = "MessageModelProviders", "MessageModelProviders", "{F00FFF5B-6ACE-4D05-BBD0-6F326E57AF44}"
EndProject
Project("{2150E333-8FDC-42A3-9474-1A3956D46DE8}") = "Storage", "Storage", "{3B6F65FF-33C3-4EC6-983E-B1BC7E897BCE}"
EndProject
Project("{2150E333-8FDC-42A3-9474-1A3956D46DE8}") = "Migrations", "Migrations", "{73AA9EB5-112C-456D-B833-1C9295805731}"
	ProjectSection(SolutionItems) = preProject
		Initialization.sql = Initialization.sql
	EndProjectSection
EndProject
Global
	GlobalSection(SolutionConfigurationPlatforms) = preSolution
		Debug|Any CPU = Debug|Any CPU
		Release|Any CPU = Release|Any CPU
	EndGlobalSection
	GlobalSection(ProjectConfigurationPlatforms) = postSolution
		{A79A3B65-8EBA-4529-826C-B460CFB05B52}.Debug|Any CPU.ActiveCfg = Debug|Any CPU
		{A79A3B65-8EBA-4529-826C-B460CFB05B52}.Debug|Any CPU.Build.0 = Debug|Any CPU
		{A79A3B65-8EBA-4529-826C-B460CFB05B52}.Release|Any CPU.ActiveCfg = Release|Any CPU
		{A79A3B65-8EBA-4529-826C-B460CFB05B52}.Release|Any CPU.Build.0 = Release|Any CPU
		{3E7FE5E2-F8E9-49AB-967D-26464DF3F263}.Debug|Any CPU.ActiveCfg = Debug|Any CPU
		{3E7FE5E2-F8E9-49AB-967D-26464DF3F263}.Debug|Any CPU.Build.0 = Debug|Any CPU
		{3E7FE5E2-F8E9-49AB-967D-26464DF3F263}.Release|Any CPU.ActiveCfg = Release|Any CPU
		{3E7FE5E2-F8E9-49AB-967D-26464DF3F263}.Release|Any CPU.Build.0 = Release|Any CPU
		{16301022-ED7B-48C8-9A5A-F5ABD8F526CB}.Debug|Any CPU.ActiveCfg = Debug|Any CPU
		{16301022-ED7B-48C8-9A5A-F5ABD8F526CB}.Debug|Any CPU.Build.0 = Debug|Any CPU
		{16301022-ED7B-48C8-9A5A-F5ABD8F526CB}.Release|Any CPU.ActiveCfg = Release|Any CPU
		{16301022-ED7B-48C8-9A5A-F5ABD8F526CB}.Release|Any CPU.Build.0 = Release|Any CPU
		{C27898D5-821B-40CB-A302-EFB7CDA2E0CC}.Debug|Any CPU.ActiveCfg = Debug|Any CPU
		{C27898D5-821B-40CB-A302-EFB7CDA2E0CC}.Debug|Any CPU.Build.0 = Debug|Any CPU
		{C27898D5-821B-40CB-A302-EFB7CDA2E0CC}.Release|Any CPU.ActiveCfg = Release|Any CPU
		{C27898D5-821B-40CB-A302-EFB7CDA2E0CC}.Release|Any CPU.Build.0 = Release|Any CPU
		{6A3FFEF6-ABBD-4687-AED1-39E73A48E310}.Debug|Any CPU.ActiveCfg = Debug|Any CPU
		{6A3FFEF6-ABBD-4687-AED1-39E73A48E310}.Debug|Any CPU.Build.0 = Debug|Any CPU
		{6A3FFEF6-ABBD-4687-AED1-39E73A48E310}.Release|Any CPU.ActiveCfg = Release|Any CPU
		{6A3FFEF6-ABBD-4687-AED1-39E73A48E310}.Release|Any CPU.Build.0 = Release|Any CPU
	EndGlobalSection
	GlobalSection(SolutionProperties) = preSolution
		HideSolutionNode = FALSE
	EndGlobalSection
	GlobalSection(NestedProjects) = preSolution
		{6A3FFEF6-ABBD-4687-AED1-39E73A48E310} = {F00FFF5B-6ACE-4D05-BBD0-6F326E57AF44}
		{F00FFF5B-6ACE-4D05-BBD0-6F326E57AF44} = {0E1FE74B-C423-4D93-9C2A-392B9B2A1027}
		{73AA9EB5-112C-456D-B833-1C9295805731} = {3B6F65FF-33C3-4EC6-983E-B1BC7E897BCE}
	EndGlobalSection
	GlobalSection(ExtensibilityGlobals) = postSolution
		SolutionGuid = {F1F09968-72A9-4FA7-8D3B-BEA1B799E979}
	EndGlobalSection
EndGlobal
